{
    "name": "stratum-pool",
    "version": "0.2.2",
    "lockfileVersion": 3,
    "requires": true,
    "packages": {
        "": {
            "name": "stratum-pool",
            "version": "0.2.2",
            "license": "GPL-2.0",
            "dependencies": {
                "async": "*",
                "bigint-buffer": "^1.1.5",
                "bignumber.js": "^9.1.2",
                "blakejs": "^1.2.1",
                "bs58": "^5.0.0",
                "json-bigint": "^1.0.0",
                "uint64be": "^3.0.0"
            },
            "engines": {
                "node": ">=12.0.0"
            }
        },
        "node_modules/async": {
            "version": "3.2.6",
            "resolved": "https://registry.npmjs.org/async/-/async-3.2.6.tgz",
            "integrity": "sha512-htCUDlxyyCLMgaM3xXg0C0LW2xqfuQ6p05pCEIsXuyQ+a1koYKTuBMzRNwmybfLgvJDMd0r1LTn4+E0Ti6C2AA==",
            "license": "MIT"
        },
        "node_modules/base-x": {
            "version": "4.0.1",
            "resolved": "https://registry.npmjs.org/base-x/-/base-x-4.0.1.tgz",
            "integrity": "sha512-uAZ8x6r6S3aUM9rbHGVOIsR15U/ZSc82b3ymnCPsT45Gk1DDvhDPdIgB5MrhirZWt+5K0EEPQH985kNqZgNPFw==",
            "license": "MIT"
        },
        "node_modules/bigint-buffer": {
            "version": "1.1.5",
            "resolved": "https://registry.npmjs.org/bigint-buffer/-/bigint-buffer-1.1.5.tgz",
            "integrity": "sha512-trfYco6AoZ+rKhKnxA0hgX0HAbVP/s808/EuDSe2JDzUnCp/xAsli35Orvk67UrTEcwuxZqYZDmfA2RXJgxVvA==",
            "hasInstallScript": true,
            "license": "Apache-2.0",
            "dependencies": {
                "bindings": "^1.3.0"
            },
            "engines": {
                "node": ">= 10.0.0"
            }
        },
        "node_modules/bignumber.js": {
            "version": "9.3.1",
            "resolved": "https://registry.npmjs.org/bignumber.js/-/bignumber.js-9.3.1.tgz",
            "integrity": "sha512-Ko0uX15oIUS7wJ3Rb30Fs6SkVbLmPBAKdlm7q9+ak9bbIeFf0MwuBsQV6z7+X768/cHsfg+WlysDWJcmthjsjQ==",
            "license": "MIT",
            "engines": {
                "node": "*"
            }
        },
        "node_modules/bindings": {
            "version": "1.5.0",
            "resolved": "https://registry.npmjs.org/bindings/-/bindings-1.5.0.tgz",
            "integrity": "sha512-p2q/t/mhvuOj/UeLlV6566GD/guowlr0hHxClI0W9m7MWYkL1F0hLo+0Aexs9HSPCtR1SXQ0TD3MMKrXZajbiQ==",
            "license": "MIT",
            "dependencies": {
                "file-uri-to-path": "1.0.0"
            }
        },
        "node_modules/blakejs": {
            "version": "1.2.1",
            "resolved": "https://registry.npmjs.org/blakejs/-/blakejs-1.2.1.tgz",
            "integrity": "sha512-QXUSXI3QVc/gJME0dBpXrag1kbzOqCjCX8/b54ntNyW6sjtoqxqRk3LTmXzaJoh71zMsDCjM+47jS7XiwN/+fQ==",
            "license": "MIT"
        },
        "node_modules/bs58": {
            "version": "5.0.0",
            "resolved": "https://registry.npmjs.org/bs58/-/bs58-5.0.0.tgz",
            "integrity": "sha512-r+ihvQJvahgYT50JD05dyJNKlmmSlMoOGwn1lCcEzanPglg7TxYjioQUYehQ9mAR/+hOSd2jRc/Z2y5UxBymvQ==",
            "license": "MIT",
            "dependencies": {
                "base-x": "^4.0.0"
            }
        },
        "node_modules/file-uri-to-path": {
            "version": "1.0.0",
            "resolved": "https://registry.npmjs.org/file-uri-to-path/-/file-uri-to-path-1.0.0.tgz",
            "integrity": "sha512-0Zt+s3L7Vf1biwWZ29aARiVYLx7iMGnEUl9x33fbB/j3jR81u/O2LbqK+Bm1CDSNDKVtJ/YjwY7TUd5SkeLQLw==",
            "license": "MIT"
        },
        "node_modules/json-bigint": {
            "version": "1.0.0",
            "resolved": "https://registry.npmjs.org/json-bigint/-/json-bigint-1.0.0.tgz",
            "integrity": "sha512-SiPv/8VpZuWbvLSMtTDU8hEfrZWg/mH/nV/b4o0CYbSxu1UIQPLdwKOCIyLQX+VIPO5vrLX3i8qtqFyhdPSUSQ==",
            "license": "MIT",
            "dependencies": {
                "bignumber.js": "^9.0.0"
            }
        },
        "node_modules/uint64be": {
            "version": "3.0.0",
            "resolved": "https://registry.npmjs.org/uint64be/-/uint64be-3.0.0.tgz",
            "integrity": "sha512-mliiCSrsE29aNBI7O9W5gGv6WmA9kBR8PtTt6Apaxns076IRdYrrtFhXHEWMj5CSum3U7cv7/pi4xmi4XsIOqg==",
            "license": "MIT"
        }
    }
}
